
Microsoft Visual Studio Solution File, Format Version 12.00
# Visual Studio 15
VisualStudioVersion = 15.0.28010.2046
MinimumVisualStudioVersion = 10.0.40219.1
Project("{FAE04EC0-301F-11D3-BF4B-00C04F79EFBC}") = "LiveChatServer", "LiveChatServer\LiveChatServer.csproj", "{1696CEC7-F8E9-4334-A4AA-7BBE082EF42D}"
EndProject
Global
	GlobalSection(SolutionConfigurationPlatforms) = preSolution
		Debug|Any CPU = Debug|Any CPU
		Release|Any CPU = Release|Any CPU
	EndGlobalSection
	GlobalSection(ProjectConfigurationPlatforms) = postSolution
		{1696CEC7-F8E9-4334-A4AA-7BBE082EF42D}.Debug|Any CPU.ActiveCfg = Debug|Any CPU
		{1696CEC7-F8E9-4334-A4AA-7BBE082EF42D}.Debug|Any CPU.Build.0 = Debug|Any CPU
		{1696CEC7-F8E9-4334-A4AA-7BBE082EF42D}.Release|Any CPU.ActiveCfg = Release|Any CPU
		{1696CEC7-F8E9-4334-A4AA-7BBE082EF42D}.Release|Any CPU.Build.0 = Release|Any CPU
	EndGlobalSection
	GlobalSection(SolutionProperties) = preSolution
		HideSolutionNode = FALSE
	EndGlobalSection
	GlobalSection(ExtensibilityGlobals) = postSolution
		SolutionGuid = {14FA14E9-3D26-46D4-B969-E6664D0556D1}
	EndGlobalSection
EndGlobal
